{
  "name": "GenerateWarframeCSV",
  "lockfileVersion": 3,
  "requires": true,
  "packages": {
    "": {
      "dependencies": {
        "@types/node": "^22.0.0",
        "csv-stringify": "^6.5.1",
        "lzma-purejs": "^0.9.3"
      }
    },
    "node_modules/@types/node": {
      "version": "22.0.0",
      "resolved": "https://registry.npmjs.org/@types/node/-/node-22.0.0.tgz",
      "integrity": "sha512-VT7KSYudcPOzP5Q0wfbowyNLaVR8QWUdw+088uFWwfvpY6uCWaXpqV6ieLAu9WBcnTa7H4Z5RLK8I5t2FuOcqw==",
      "license": "MIT",
      "dependencies": {
        "undici-types": "~6.11.1"
      }
    },
    "node_modules/amdefine": {
      "version": "0.1.1",
      "resolved": "https://registry.npmjs.org/amdefine/-/amdefine-0.1.1.tgz",
      "integrity": "sha512-cE/769sItEDt5sSdqmrWMsat+XaA5FJiEou+ZwlY7ef/Jf/517k6nYyUIRPR2o/QbpBg4FiYXj9GyRGNg5f/bg==",
      "license": "BSD-3-Clause AND MIT",
      "engines": {
        "node": ">=0.4.2"
      }
    },
    "node_modules/commander": {
      "version": "2.0.0",
      "resolved": "https://registry.npmjs.org/commander/-/commander-2.0.0.tgz",
      "integrity": "sha512-qebjpyeaA/nJ4w3EO2cV2++/zEkccPnjWogzA2rff+Lk8ILI75vULeTmyd4wPxWdKwtP3J+G39IXVZadh0UHyw==",
      "engines": {
        "node": ">= 0.6.x"
      }
    },
    "node_modules/csv-stringify": {
      "version": "6.5.1",
      "resolved": "https://registry.npmjs.org/csv-stringify/-/csv-stringify-6.5.1.tgz",
      "integrity": "sha512-+9lpZfwpLntpTIEpFbwQyWuW/hmI/eHuJZD1XzeZpfZTqkf1fyvBbBLXTJJMsBuuS11uTShMqPwzx4A6ffXgRQ==",
      "license": "MIT"
    },
    "node_modules/lzma-purejs": {
      "version": "0.9.3",
      "resolved": "https://registry.npmjs.org/lzma-purejs/-/lzma-purejs-0.9.3.tgz",
      "integrity": "sha512-6VPTP6dEwoEeXYxK9/9ZsUH8zD/lGdTCKenEv2C4mrZkp111CttGYVVrLTcCY6BM+dnADTMrARnG8PZQctJUeg==",
      "license": "BSD",
      "dependencies": {
        "amdefine": "~0.1.0",
        "commander": "~2.0.0"
      },
      "bin": {
        "lzmajs": "bin/lzmajs"
      }
    },
    "node_modules/undici-types": {
      "version": "6.11.1",
      "resolved": "https://registry.npmjs.org/undici-types/-/undici-types-6.11.1.tgz",
      "integrity": "sha512-mIDEX2ek50x0OlRgxryxsenE5XaQD4on5U2inY7RApK3SOJpofyw7uW2AyfMKkhAxXIceo2DeWGVGwyvng1GNQ==",
      "license": "MIT"
    }
  }
}
